<Solution>
  <Project Path="App.SignalAnalysis.Core/App.SignalAnalysis.Core.csproj" />
  <Project Path="TestFramework/TestFramework.csproj" />
  <Project Path="TestRunner/TestRunner.csproj" />
  <Project Path="App.Tests/App.Tests.csproj" />
  <Project Path="Lab1/Lab1.csproj" />
  <Project Path="Lab2/Lab2.csproj" />
  <Project Path="Lab3/Lab3.csproj" />
  <Project Path="Lab4/Lab4.csproj" />
</Solution>